
Microsoft Visual Studio Solution File, Format Version 12.00
# Visual Studio Version 16
VisualStudioVersion = 16.0.31911.196
MinimumVisualStudioVersion = 10.0.40219.1
Project("{9A19103F-16F7-4668-BE54-9A1E7A4F7556}") = "CityBusManagementSystem.Api", "CityBusManagementSystem.Api\CityBusManagementSystem.Api.csproj", "{DDC20037-74F9-4E4E-962A-884DBB6B4D5D}"
EndProject
Project("{9A19103F-16F7-4668-BE54-9A1E7A4F7556}") = "CityBusManagement.BAL", "CityBusManagement.BAL\CityBusManagement.BAL.csproj", "{F25DD33E-B9FE-4531-B631-F47FDF0DA41B}"
EndProject
Project("{9A19103F-16F7-4668-BE54-9A1E7A4F7556}") = "CityBusManagement.DAL", "CityBusManagement.DAL\CityBusManagement.DAL.csproj", "{163F6895-4453-48DA-AB70-0A5C47FE7D04}"
EndProject
Project("{9A19103F-16F7-4668-BE54-9A1E7A4F7556}") = "CityBusManagement.Entity", "CityBusManagement.Entity\CityBusManagement.Entity.csproj", "{226427AA-5313-408F-9BBA-E2748CF0E1D7}"
EndProject
Project("{FAE04EC0-301F-11D3-BF4B-00C04F79EFBC}") = "CityBusManagementSystem.UI", "CityBusManagementSystem.UI\CityBusManagementSystem.UI.csproj", "{C0F07BC3-BF7F-4F61-8429-102F51350A6B}"
EndProject
Global
	GlobalSection(SolutionConfigurationPlatforms) = preSolution
		Debug|Any CPU = Debug|Any CPU
		Release|Any CPU = Release|Any CPU
	EndGlobalSection
	GlobalSection(ProjectConfigurationPlatforms) = postSolution
		{DDC20037-74F9-4E4E-962A-884DBB6B4D5D}.Debug|Any CPU.ActiveCfg = Debug|Any CPU
		{DDC20037-74F9-4E4E-962A-884DBB6B4D5D}.Debug|Any CPU.Build.0 = Debug|Any CPU
		{DDC20037-74F9-4E4E-962A-884DBB6B4D5D}.Release|Any CPU.ActiveCfg = Release|Any CPU
		{DDC20037-74F9-4E4E-962A-884DBB6B4D5D}.Release|Any CPU.Build.0 = Release|Any CPU
		{F25DD33E-B9FE-4531-B631-F47FDF0DA41B}.Debug|Any CPU.ActiveCfg = Debug|Any CPU
		{F25DD33E-B9FE-4531-B631-F47FDF0DA41B}.Debug|Any CPU.Build.0 = Debug|Any CPU
		{F25DD33E-B9FE-4531-B631-F47FDF0DA41B}.Release|Any CPU.ActiveCfg = Release|Any CPU
		{F25DD33E-B9FE-4531-B631-F47FDF0DA41B}.Release|Any CPU.Build.0 = Release|Any CPU
		{163F6895-4453-48DA-AB70-0A5C47FE7D04}.Debug|Any CPU.ActiveCfg = Debug|Any CPU
		{163F6895-4453-48DA-AB70-0A5C47FE7D04}.Debug|Any CPU.Build.0 = Debug|Any CPU
		{163F6895-4453-48DA-AB70-0A5C47FE7D04}.Release|Any CPU.ActiveCfg = Release|Any CPU
		{163F6895-4453-48DA-AB70-0A5C47FE7D04}.Release|Any CPU.Build.0 = Release|Any CPU
		{226427AA-5313-408F-9BBA-E2748CF0E1D7}.Debug|Any CPU.ActiveCfg = Debug|Any CPU
		{226427AA-5313-408F-9BBA-E2748CF0E1D7}.Debug|Any CPU.Build.0 = Debug|Any CPU
		{226427AA-5313-408F-9BBA-E2748CF0E1D7}.Release|Any CPU.ActiveCfg = Release|Any CPU
		{226427AA-5313-408F-9BBA-E2748CF0E1D7}.Release|Any CPU.Build.0 = Release|Any CPU
		{C0F07BC3-BF7F-4F61-8429-102F51350A6B}.Debug|Any CPU.ActiveCfg = Debug|Any CPU
		{C0F07BC3-BF7F-4F61-8429-102F51350A6B}.Debug|Any CPU.Build.0 = Debug|Any CPU
		{C0F07BC3-BF7F-4F61-8429-102F51350A6B}.Release|Any CPU.ActiveCfg = Release|Any CPU
		{C0F07BC3-BF7F-4F61-8429-102F51350A6B}.Release|Any CPU.Build.0 = Release|Any CPU
	EndGlobalSection
	GlobalSection(SolutionProperties) = preSolution
		HideSolutionNode = FALSE
	EndGlobalSection
	GlobalSection(ExtensibilityGlobals) = postSolution
		SolutionGuid = {C07B33D5-6F0B-4C8F-9390-CFFB6DB59903}
	EndGlobalSection
EndGlobal
